
Microsoft Visual Studio Solution File, Format Version 12.00
# Visual Studio Version 17
VisualStudioVersion = 17.0.32014.148
MinimumVisualStudioVersion = 10.0.40219.1
Project("{2150E333-8FDC-42A3-9474-1A3956D46DE8}") = "src", "src", "{C68997ED-6F39-4CE0-B525-F49D26EEF6F1}"
EndProject
Project("{2150E333-8FDC-42A3-9474-1A3956D46DE8}") = "tests", "tests", "{EB24C11E-ADD7-46F1-B96F-76CD399083F9}"
EndProject
Project("{9A19103F-16F7-4668-BE54-9A1E7A4F7556}") = "GitHubIssuesParserCli", "src\GitHubIssuesParserCli\GitHubIssuesParserCli.csproj", "{F88B6DE9-79FA-4E66-89CB-7A1103E4068C}"
EndProject
Project("{FAE04EC0-301F-11D3-BF4B-00C04F79EFBC}") = "GitHubIssuesParserCli.Tests", "tests\GitHubIssuesParserCli.Tests\GitHubIssuesParserCli.Tests.csproj", "{DDD862B1-0716-46B8-88EC-7C8250B8F27B}"
EndProject
Global
	GlobalSection(SolutionConfigurationPlatforms) = preSolution
		Debug|Any CPU = Debug|Any CPU
		Release|Any CPU = Release|Any CPU
	EndGlobalSection
	GlobalSection(ProjectConfigurationPlatforms) = postSolution
		{F88B6DE9-79FA-4E66-89CB-7A1103E4068C}.Debug|Any CPU.ActiveCfg = Debug|Any CPU
		{F88B6DE9-79FA-4E66-89CB-7A1103E4068C}.Debug|Any CPU.Build.0 = Debug|Any CPU
		{F88B6DE9-79FA-4E66-89CB-7A1103E4068C}.Release|Any CPU.ActiveCfg = Release|Any CPU
		{F88B6DE9-79FA-4E66-89CB-7A1103E4068C}.Release|Any CPU.Build.0 = Release|Any CPU
		{DDD862B1-0716-46B8-88EC-7C8250B8F27B}.Debug|Any CPU.ActiveCfg = Debug|Any CPU
		{DDD862B1-0716-46B8-88EC-7C8250B8F27B}.Debug|Any CPU.Build.0 = Debug|Any CPU
		{DDD862B1-0716-46B8-88EC-7C8250B8F27B}.Release|Any CPU.ActiveCfg = Release|Any CPU
		{DDD862B1-0716-46B8-88EC-7C8250B8F27B}.Release|Any CPU.Build.0 = Release|Any CPU
	EndGlobalSection
	GlobalSection(SolutionProperties) = preSolution
		HideSolutionNode = FALSE
	EndGlobalSection
	GlobalSection(NestedProjects) = preSolution
		{F88B6DE9-79FA-4E66-89CB-7A1103E4068C} = {C68997ED-6F39-4CE0-B525-F49D26EEF6F1}
		{DDD862B1-0716-46B8-88EC-7C8250B8F27B} = {EB24C11E-ADD7-46F1-B96F-76CD399083F9}
	EndGlobalSection
	GlobalSection(ExtensibilityGlobals) = postSolution
		SolutionGuid = {E25122DA-2DCA-4C8B-B972-036AB2707577}
	EndGlobalSection
EndGlobal
